{
  "name": "backend",
  "version": "1.0.0",
  "lockfileVersion": 3,
  "requires": true,
  "packages": {
    "": {
      "name": "backend",
      "version": "1.0.0",
      "license": "ISC",
      "dependencies": {
        "@prisma/client": "^5.8.1",
        "dotenv": "^17.2.3",
        "zod": "^4.1.13"
      },
      "devDependencies": {
        "@types/mysql": "^2.15.27",
        "@types/node": "^25.0.1",
        "prisma": "^5.8.1"
      }
    },
    "node_modules/@prisma/client": {
      "version": "5.8.1",
      "resolved": "https://registry.npmjs.org/@prisma/client/-/client-5.8.1.tgz",
      "integrity": "sha512-xQtMPfbIwLlbm0VVIVQY2yqQVOxPwRQhvIp7Z3m2900g1bu/zRHKhYZJQWELqmjl6d8YwBy0K2NvMqh47v1ubw==",
      "hasInstallScript": true,
      "license": "Apache-2.0",
      "engines": {
        "node": ">=16.13"
      },
      "peerDependencies": {
        "prisma": "*"
      },
      "peerDependenciesMeta": {
        "prisma": {
          "optional": true
        }
      }
    },
    "node_modules/@prisma/debug": {
      "version": "5.8.1",
      "resolved": "https://registry.npmjs.org/@prisma/debug/-/debug-5.8.1.tgz",
      "integrity": "sha512-tjuw7eA0Us3T42jx9AmAgL58rzwzpFGYc3R7Y4Ip75EBYrKMBA1YihuWMcBC92ILmjlQ/u3p8VxcIE0hr+fZfg==",
      "devOptional": true,
      "license": "Apache-2.0"
    },
    "node_modules/@prisma/engines": {
      "version": "5.8.1",
      "resolved": "https://registry.npmjs.org/@prisma/engines/-/engines-5.8.1.tgz",
      "integrity": "sha512-TJgYLRrZr56uhqcXO4GmP5be+zjCIHtLDK20Cnfg+o9d905hsN065QOL+3Z0zQAy6YD31Ol4u2kzSfRmbJv/uA==",
      "devOptional": true,
      "hasInstallScript": true,
      "license": "Apache-2.0",
      "dependencies": {
        "@prisma/debug": "5.8.1",
        "@prisma/engines-version": "5.8.1-1.78caf6feeaed953168c64e15a249c3e9a033ebe2",
        "@prisma/fetch-engine": "5.8.1",
        "@prisma/get-platform": "5.8.1"
      }
    },
    "node_modules/@prisma/engines-version": {
      "version": "5.8.1-1.78caf6feeaed953168c64e15a249c3e9a033ebe2",
      "resolved": "https://registry.npmjs.org/@prisma/engines-version/-/engines-version-5.8.1-1.78caf6feeaed953168c64e15a249c3e9a033ebe2.tgz",
      "integrity": "sha512-f5C3JM3l9yhGr3cr4FMqWloFaSCpNpMi58Om22rjD2DOz3owci2mFdFXMgnAGazFPKrCbbEhcxdsRfspEYRoFQ==",
      "devOptional": true,
      "license": "Apache-2.0"
    },
    "node_modules/@prisma/fetch-engine": {
      "version": "5.8.1",
      "resolved": "https://registry.npmjs.org/@prisma/fetch-engine/-/fetch-engine-5.8.1.tgz",
      "integrity": "sha512-+bgjjoSFa6uYEbAPlklfoVSStOEfcpheOjoBoNsNNSQdSzcwE2nM4Q0prun0+P8/0sCHo18JZ9xqa8gObvgOUw==",
      "devOptional": true,
      "license": "Apache-2.0",
      "dependencies": {
        "@prisma/debug": "5.8.1",
        "@prisma/engines-version": "5.8.1-1.78caf6feeaed953168c64e15a249c3e9a033ebe2",
        "@prisma/get-platform": "5.8.1"
      }
    },
    "node_modules/@prisma/get-platform": {
      "version": "5.8.1",
      "resolved": "https://registry.npmjs.org/@prisma/get-platform/-/get-platform-5.8.1.tgz",
      "integrity": "sha512-wnA+6HTFcY+tkykMokix9GiAkaauPC5W/gg0O5JB0J8tCTNWrqpnQ7AsaGRfkYUbeOIioh6woDjQrGTTRf1Zag==",
      "devOptional": true,
      "license": "Apache-2.0",
      "dependencies": {
        "@prisma/debug": "5.8.1"
      }
    },
    "node_modules/@types/mysql": {
      "version": "2.15.27",
      "resolved": "https://registry.npmjs.org/@types/mysql/-/mysql-2.15.27.tgz",
      "integrity": "sha512-YfWiV16IY0OeBfBCk8+hXKmdTKrKlwKN1MNKAPBu5JYxLwBEZl7QzeEpGnlZb3VMGJrrGmB84gXiH+ofs/TezA==",
      "dev": true,
      "license": "MIT",
      "dependencies": {
        "@types/node": "*"
      }
    },
    "node_modules/@types/node": {
      "version": "25.0.1",
      "resolved": "https://registry.npmjs.org/@types/node/-/node-25.0.1.tgz",
      "integrity": "sha512-czWPzKIAXucn9PtsttxmumiQ9N0ok9FrBwgRWrwmVLlp86BrMExzvXRLFYRJ+Ex3g6yqj+KuaxfX1JTgV2lpfg==",
      "dev": true,
      "license": "MIT",
      "dependencies": {
        "undici-types": "~7.16.0"
      }
    },
    "node_modules/dotenv": {
      "version": "17.2.3",
      "resolved": "https://registry.npmjs.org/dotenv/-/dotenv-17.2.3.tgz",
      "integrity": "sha512-JVUnt+DUIzu87TABbhPmNfVdBDt18BLOWjMUFJMSi/Qqg7NTYtabbvSNJGOJ7afbRuv9D/lngizHtP7QyLQ+9w==",
      "license": "BSD-2-Clause",
      "engines": {
        "node": ">=12"
      },
      "funding": {
        "url": "https://dotenvx.com"
      }
    },
    "node_modules/prisma": {
      "version": "5.8.1",
      "resolved": "https://registry.npmjs.org/prisma/-/prisma-5.8.1.tgz",
      "integrity": "sha512-N6CpjzECnUHZ5beeYpDzkt2rYpEdAeqXX2dweu6BoQaeYkNZrC/WJHM+5MO/uidFHTak8QhkPKBWck1o/4MD4A==",
      "devOptional": true,
      "hasInstallScript": true,
      "license": "Apache-2.0",
      "dependencies": {
        "@prisma/engines": "5.8.1"
      },
      "bin": {
        "prisma": "build/index.js"
      },
      "engines": {
        "node": ">=16.13"
      }
    },
    "node_modules/undici-types": {
      "version": "7.16.0",
      "resolved": "https://registry.npmjs.org/undici-types/-/undici-types-7.16.0.tgz",
      "integrity": "sha512-Zz+aZWSj8LE6zoxD+xrjh4VfkIG8Ya6LvYkZqtUQGJPZjYl53ypCaUwWqo7eI0x66KBGeRo+mlBEkMSeSZ38Nw==",
      "dev": true,
      "license": "MIT"
    },
    "node_modules/zod": {
      "version": "4.1.13",
      "resolved": "https://registry.npmjs.org/zod/-/zod-4.1.13.tgz",
      "integrity": "sha512-AvvthqfqrAhNH9dnfmrfKzX5upOdjUVJYFqNSlkmGf64gRaTzlPwz99IHYnVs28qYAybvAlBV+H7pn0saFY4Ig==",
      "license": "MIT",
      "funding": {
        "url": "https://github.com/sponsors/colinhacks"
      }
    }
  }
}
